// !$*UTF8*$!
{
	archiveVersion = 1;
	classes = {
	};
	objectVersion = 46;
	objects = {

/* Begin PBXBuildFile section */
		271962051B6E8F0F0064C30B /* ExamItem.m in Sources */ = {isa = PBXBuildFile; fileRef = 271962041B6E8F0F0064C30B /* ExamItem.m */; };
		275010891B52DBC300C0CC71 /* main.m in Sources */ = {isa = PBXBuildFile; fileRef = 275010881B52DBC300C0CC71 /* main.m */; };
		2750108C1B52DBC300C0CC71 /* AppDelegate.m in Sources */ = {isa = PBXBuildFile; fileRef = 2750108B1B52DBC300C0CC71 /* AppDelegate.m */; };
		2750108F1B52DBC300C0CC71 /* ValleyForge.xcdatamodeld in Sources */ = {isa = PBXBuildFile; fileRef = 2750108D1B52DBC300C0CC71 /* ValleyForge.xcdatamodeld */; };
		275010A61B52DBC300C0CC71 /* ValleyForgeTests.m in Sources */ = {isa = PBXBuildFile; fileRef = 275010A51B52DBC300C0CC71 /* ValleyForgeTests.m */; };
		275010B31B53018300C0CC71 /* QuestionListTableViewController.m in Sources */ = {isa = PBXBuildFile; fileRef = 275010B21B53018300C0CC71 /* QuestionListTableViewController.m */; };
		275010B81B53421C00C0CC71 /* QuestionListTableView.m in Sources */ = {isa = PBXBuildFile; fileRef = 275010B71B53421C00C0CC71 /* QuestionListTableView.m */; };
		275CAF121BAD026D0076B5A7 /* ExamRunsModel.m in Sources */ = {isa = PBXBuildFile; fileRef = 275CAF111BAD026D0076B5A7 /* ExamRunsModel.m */; settings = {ASSET_TAGS = (); }; };
		275CAF151BAD08020076B5A7 /* ExamRunItem.m in Sources */ = {isa = PBXBuildFile; fileRef = 275CAF141BAD08020076B5A7 /* ExamRunItem.m */; settings = {ASSET_TAGS = (); }; };
		2773C4B61B59E0E40021762C /* Default-568h@2x.png in Resources */ = {isa = PBXBuildFile; fileRef = 2773C4B51B59E0E40021762C /* Default-568h@2x.png */; };
		2773C4BB1B5C1D940021762C /* AnswerViewController.m in Sources */ = {isa = PBXBuildFile; fileRef = 2773C4BA1B5C1D940021762C /* AnswerViewController.m */; };
		2773C4BE1B5C1DD90021762C /* AnswerView.m in Sources */ = {isa = PBXBuildFile; fileRef = 2773C4BD1B5C1DD90021762C /* AnswerView.m */; };
		279DAD801B9FE7D800A0C4B4 /* NSString+Extensions.m in Sources */ = {isa = PBXBuildFile; fileRef = 279DAD7F1B9FE7D800A0C4B4 /* NSString+Extensions.m */; };
		279EB4E71B800FF900858A62 /* ExamStoreViewController.m in Sources */ = {isa = PBXBuildFile; fileRef = 279EB4E61B800FF900858A62 /* ExamStoreViewController.m */; };
		279EB4F01B80DE4700858A62 /* ExamListTableViewController.m in Sources */ = {isa = PBXBuildFile; fileRef = 279EB4EF1B80DE4700858A62 /* ExamListTableViewController.m */; };
		279EB4F61B812F7900858A62 /* ExamListTableView.m in Sources */ = {isa = PBXBuildFile; fileRef = 279EB4F51B812F7900858A62 /* ExamListTableView.m */; };
		279EB4FA1B812FC300858A62 /* ExamListTableViewCell.m in Sources */ = {isa = PBXBuildFile; fileRef = 279EB4F81B812FC300858A62 /* ExamListTableViewCell.m */; };
		27D78E801BAF3D29005410CC /* ExamResultsTableViewController.m in Sources */ = {isa = PBXBuildFile; fileRef = 27D78E7F1BAF3D29005410CC /* ExamResultsTableViewController.m */; settings = {ASSET_TAGS = (); }; };
		27D78E831BAF3D56005410CC /* ExamResultsTableView.m in Sources */ = {isa = PBXBuildFile; fileRef = 27D78E821BAF3D56005410CC /* ExamResultsTableView.m */; settings = {ASSET_TAGS = (); }; };
		27D78E861BB39292005410CC /* CitizenshipExamOR.xml in Resources */ = {isa = PBXBuildFile; fileRef = 27D78E841BB39292005410CC /* CitizenshipExamOR.xml */; settings = {ASSET_TAGS = (); }; };
		27D78E871BB39292005410CC /* CitizenshipExamWI.xml in Resources */ = {isa = PBXBuildFile; fileRef = 27D78E851BB39292005410CC /* CitizenshipExamWI.xml */; settings = {ASSET_TAGS = (); }; };
		27F5D9311B800B11003BEDFD /* Media.xcassets in Resources */ = {isa = PBXBuildFile; fileRef = 27F5D9301B800B11003BEDFD /* Media.xcassets */; };
		27F71E161BAF5FC000096E2B /* ExamResultsTableViewCell.m in Sources */ = {isa = PBXBuildFile; fileRef = 27F71E151BAF5FBF00096E2B /* ExamResultsTableViewCell.m */; settings = {ASSET_TAGS = (); }; };
		DD0446031B63D77200A82969 /* QuestionListModel.m in Sources */ = {isa = PBXBuildFile; fileRef = DD0446021B63D77200A82969 /* QuestionListModel.m */; };
		DD2968B51B5AF70C007E152E /* QuestionListTableViewCell.m in Sources */ = {isa = PBXBuildFile; fileRef = DD2968B41B5AF70C007E152E /* QuestionListTableViewCell.m */; };
		DDAE5A741B826A6C0087DB13 /* LaunchScreen.xib in Resources */ = {isa = PBXBuildFile; fileRef = DDAE5A731B826A6C0087DB13 /* LaunchScreen.xib */; };
		DDB1DCFD1B823BD900CEC3C6 /* Exam.m in Sources */ = {isa = PBXBuildFile; fileRef = DDB1DCFC1B823BD900CEC3C6 /* Exam.m */; };
/* End PBXBuildFile section */

/* Begin PBXContainerItemProxy section */
		275010A01B52DBC300C0CC71 /* PBXContainerItemProxy */ = {
			isa = PBXContainerItemProxy;
			containerPortal = 2750107B1B52DBC300C0CC71 /* Project object */;
			proxyType = 1;
			remoteGlobalIDString = 275010821B52DBC300C0CC71;
			remoteInfo = ValleyForge;
		};
/* End PBXContainerItemProxy section */

/* Begin PBXFileReference section */
		271962031B6E8F0F0064C30B /* ExamItem.h */ = {isa = PBXFileReference; fileEncoding = 4; lastKnownFileType = sourcecode.c.h; path = ExamItem.h; sourceTree = "<group>"; };
		271962041B6E8F0F0064C30B /* ExamItem.m */ = {isa = PBXFileReference; fileEncoding = 4; lastKnownFileType = sourcecode.c.objc; path = ExamItem.m; sourceTree = "<group>"; };
		275010831B52DBC300C0CC71 /* ValleyForge.app */ = {isa = PBXFileReference; explicitFileType = wrapper.application; includeInIndex = 0; path = ValleyForge.app; sourceTree = BUILT_PRODUCTS_DIR; };
		275010871B52DBC300C0CC71 /* Info.plist */ = {isa = PBXFileReference; lastKnownFileType = text.plist.xml; path = Info.plist; sourceTree = "<group>"; };
		275010881B52DBC300C0CC71 /* main.m */ = {isa = PBXFileReference; lastKnownFileType = sourcecode.c.objc; path = main.m; sourceTree = "<group>"; };
		2750108A1B52DBC300C0CC71 /* AppDelegate.h */ = {isa = PBXFileReference; lastKnownFileType = sourcecode.c.h; path = AppDelegate.h; sourceTree = "<group>"; };
		2750108B1B52DBC300C0CC71 /* AppDelegate.m */ = {isa = PBXFileReference; lastKnownFileType = sourcecode.c.objc; path = AppDelegate.m; sourceTree = "<group>"; };
		2750108E1B52DBC300C0CC71 /* ValleyForge.xcdatamodel */ = {isa = PBXFileReference; lastKnownFileType = wrapper.xcdatamodel; path = ValleyForge.xcdatamodel; sourceTree = "<group>"; };
		2750109F1B52DBC300C0CC71 /* ValleyForgeTests.xctest */ = {isa = PBXFileReference; explicitFileType = wrapper.cfbundle; includeInIndex = 0; path = ValleyForgeTests.xctest; sourceTree = BUILT_PRODUCTS_DIR; };
		275010A41B52DBC300C0CC71 /* Info.plist */ = {isa = PBXFileReference; lastKnownFileType = text.plist.xml; path = Info.plist; sourceTree = "<group>"; };
		275010A51B52DBC300C0CC71 /* ValleyForgeTests.m */ = {isa = PBXFileReference; lastKnownFileType = sourcecode.c.objc; path = ValleyForgeTests.m; sourceTree = "<group>"; };
		275010B11B53018300C0CC71 /* QuestionListTableViewController.h */ = {isa = PBXFileReference; fileEncoding = 4; lastKnownFileType = sourcecode.c.h; lineEnding = 0; path = QuestionListTableViewController.h; sourceTree = "<group>"; xcLanguageSpecificationIdentifier = xcode.lang.objcpp; };
		275010B21B53018300C0CC71 /* QuestionListTableViewController.m */ = {isa = PBXFileReference; fileEncoding = 4; lastKnownFileType = sourcecode.c.objc; lineEnding = 0; path = QuestionListTableViewController.m; sourceTree = "<group>"; xcLanguageSpecificationIdentifier = xcode.lang.objc; };
		275010B61B53421C00C0CC71 /* QuestionListTableView.h */ = {isa = PBXFileReference; fileEncoding = 4; lastKnownFileType = sourcecode.c.h; path = QuestionListTableView.h; sourceTree = "<group>"; };
		275010B71B53421C00C0CC71 /* QuestionListTableView.m */ = {isa = PBXFileReference; fileEncoding = 4; lastKnownFileType = sourcecode.c.objc; path = QuestionListTableView.m; sourceTree = "<group>"; };
		275CAF101BAD026D0076B5A7 /* ExamRunsModel.h */ = {isa = PBXFileReference; fileEncoding = 4; lastKnownFileType = sourcecode.c.h; lineEnding = 0; path = ExamRunsModel.h; sourceTree = "<group>"; xcLanguageSpecificationIdentifier = xcode.lang.objcpp; };
		275CAF111BAD026D0076B5A7 /* ExamRunsModel.m */ = {isa = PBXFileReference; fileEncoding = 4; lastKnownFileType = sourcecode.c.objc; lineEnding = 0; path = ExamRunsModel.m; sourceTree = "<group>"; xcLanguageSpecificationIdentifier = xcode.lang.objc; };
		275CAF131BAD08020076B5A7 /* ExamRunItem.h */ = {isa = PBXFileReference; fileEncoding = 4; lastKnownFileType = sourcecode.c.h; lineEnding = 0; path = ExamRunItem.h; sourceTree = "<group>"; xcLanguageSpecificationIdentifier = xcode.lang.objcpp; };
		275CAF141BAD08020076B5A7 /* ExamRunItem.m */ = {isa = PBXFileReference; fileEncoding = 4; lastKnownFileType = sourcecode.c.objc; path = ExamRunItem.m; sourceTree = "<group>"; };
		2773C4B51B59E0E40021762C /* Default-568h@2x.png */ = {isa = PBXFileReference; lastKnownFileType = image.png; name = "Default-568h@2x.png"; path = "../Default-568h@2x.png"; sourceTree = "<group>"; };
		2773C4B91B5C1D940021762C /* AnswerViewController.h */ = {isa = PBXFileReference; fileEncoding = 4; lastKnownFileType = sourcecode.c.h; path = AnswerViewController.h; sourceTree = "<group>"; };
		2773C4BA1B5C1D940021762C /* AnswerViewController.m */ = {isa = PBXFileReference; fileEncoding = 4; lastKnownFileType = sourcecode.c.objc; path = AnswerViewController.m; sourceTree = "<group>"; };
		2773C4BC1B5C1DD90021762C /* AnswerView.h */ = {isa = PBXFileReference; fileEncoding = 4; lastKnownFileType = sourcecode.c.h; path = AnswerView.h; sourceTree = "<group>"; };
		2773C4BD1B5C1DD90021762C /* AnswerView.m */ = {isa = PBXFileReference; fileEncoding = 4; lastKnownFileType = sourcecode.c.objc; path = AnswerView.m; sourceTree = "<group>"; };
		279DAD7E1B9FE7D800A0C4B4 /* NSString+Extensions.h */ = {isa = PBXFileReference; fileEncoding = 4; lastKnownFileType = sourcecode.c.h; path = "NSString+Extensions.h"; sourceTree = "<group>"; };
		279DAD7F1B9FE7D800A0C4B4 /* NSString+Extensions.m */ = {isa = PBXFileReference; fileEncoding = 4; lastKnownFileType = sourcecode.c.objc; path = "NSString+Extensions.m"; sourceTree = "<group>"; };
		279EB4E51B800FF900858A62 /* ExamStoreViewController.h */ = {isa = PBXFileReference; fileEncoding = 4; lastKnownFileType = sourcecode.c.h; path = ExamStoreViewController.h; sourceTree = "<group>"; };
		279EB4E61B800FF900858A62 /* ExamStoreViewController.m */ = {isa = PBXFileReference; fileEncoding = 4; lastKnownFileType = sourcecode.c.objc; path = ExamStoreViewController.m; sourceTree = "<group>"; };
		279EB4EE1B80DE4700858A62 /* ExamListTableViewController.h */ = {isa = PBXFileReference; fileEncoding = 4; lastKnownFileType = sourcecode.c.h; path = ExamListTableViewController.h; sourceTree = "<group>"; };
		279EB4EF1B80DE4700858A62 /* ExamListTableViewController.m */ = {isa = PBXFileReference; fileEncoding = 4; lastKnownFileType = sourcecode.c.objc; path = ExamListTableViewController.m; sourceTree = "<group>"; };
		279EB4F41B812F7900858A62 /* ExamListTableView.h */ = {isa = PBXFileReference; fileEncoding = 4; lastKnownFileType = sourcecode.c.h; path = ExamListTableView.h; sourceTree = "<group>"; };
		279EB4F51B812F7900858A62 /* ExamListTableView.m */ = {isa = PBXFileReference; fileEncoding = 4; lastKnownFileType = sourcecode.c.objc; path = ExamListTableView.m; sourceTree = "<group>"; };
		279EB4F71B812FC300858A62 /* ExamListTableViewCell.h */ = {isa = PBXFileReference; fileEncoding = 4; lastKnownFileType = sourcecode.c.h; path = ExamListTableViewCell.h; sourceTree = "<group>"; };
		279EB4F81B812FC300858A62 /* ExamListTableViewCell.m */ = {isa = PBXFileReference; fileEncoding = 4; lastKnownFileType = sourcecode.c.objc; path = ExamListTableViewCell.m; sourceTree = "<group>"; };
		27D78E7E1BAF3D29005410CC /* ExamResultsTableViewController.h */ = {isa = PBXFileReference; fileEncoding = 4; lastKnownFileType = sourcecode.c.h; path = ExamResultsTableViewController.h; sourceTree = "<group>"; };
		27D78E7F1BAF3D29005410CC /* ExamResultsTableViewController.m */ = {isa = PBXFileReference; fileEncoding = 4; lastKnownFileType = sourcecode.c.objc; path = ExamResultsTableViewController.m; sourceTree = "<group>"; };
		27D78E811BAF3D56005410CC /* ExamResultsTableView.h */ = {isa = PBXFileReference; fileEncoding = 4; lastKnownFileType = sourcecode.c.h; path = ExamResultsTableView.h; sourceTree = "<group>"; };
		27D78E821BAF3D56005410CC /* ExamResultsTableView.m */ = {isa = PBXFileReference; fileEncoding = 4; lastKnownFileType = sourcecode.c.objc; path = ExamResultsTableView.m; sourceTree = "<group>"; };
		27D78E841BB39292005410CC /* CitizenshipExamOR.xml */ = {isa = PBXFileReference; fileEncoding = 4; lastKnownFileType = text.xml; name = CitizenshipExamOR.xml; path = Exams/CitizenshipExamOR.xml; sourceTree = "<group>"; };
		27D78E851BB39292005410CC /* CitizenshipExamWI.xml */ = {isa = PBXFileReference; fileEncoding = 4; lastKnownFileType = text.xml; name = CitizenshipExamWI.xml; path = Exams/CitizenshipExamWI.xml; sourceTree = "<group>"; };
		27F5D9301B800B11003BEDFD /* Media.xcassets */ = {isa = PBXFileReference; lastKnownFileType = folder.assetcatalog; path = Media.xcassets; sourceTree = "<group>"; };
		27F71E141BAF5FBF00096E2B /* ExamResultsTableViewCell.h */ = {isa = PBXFileReference; fileEncoding = 4; lastKnownFileType = sourcecode.c.h; path = ExamResultsTableViewCell.h; sourceTree = "<group>"; };
		27F71E151BAF5FBF00096E2B /* ExamResultsTableViewCell.m */ = {isa = PBXFileReference; fileEncoding = 4; lastKnownFileType = sourcecode.c.objc; path = ExamResultsTableViewCell.m; sourceTree = "<group>"; };
		DD0446011B63D77200A82969 /* QuestionListModel.h */ = {isa = PBXFileReference; fileEncoding = 4; lastKnownFileType = sourcecode.c.h; path = QuestionListModel.h; sourceTree = "<group>"; };
		DD0446021B63D77200A82969 /* QuestionListModel.m */ = {isa = PBXFileReference; fileEncoding = 4; lastKnownFileType = sourcecode.c.objc; lineEnding = 0; path = QuestionListModel.m; sourceTree = "<group>"; xcLanguageSpecificationIdentifier = xcode.lang.objc; };
		DD2968B31B5AF70C007E152E /* QuestionListTableViewCell.h */ = {isa = PBXFileReference; fileEncoding = 4; lastKnownFileType = sourcecode.c.h; path = QuestionListTableViewCell.h; sourceTree = "<group>"; };
		DD2968B41B5AF70C007E152E /* QuestionListTableViewCell.m */ = {isa = PBXFileReference; fileEncoding = 4; lastKnownFileType = sourcecode.c.objc; path = QuestionListTableViewCell.m; sourceTree = "<group>"; };
		DDAE5A731B826A6C0087DB13 /* LaunchScreen.xib */ = {isa = PBXFileReference; fileEncoding = 4; lastKnownFileType = file.xib; path = LaunchScreen.xib; sourceTree = "<group>"; };
		DDB1DCFB1B823BD900CEC3C6 /* Exam.h */ = {isa = PBXFileReference; fileEncoding = 4; lastKnownFileType = sourcecode.c.h; path = Exam.h; sourceTree = "<group>"; };
		DDB1DCFC1B823BD900CEC3C6 /* Exam.m */ = {isa = PBXFileReference; fileEncoding = 4; lastKnownFileType = sourcecode.c.objc; path = Exam.m; sourceTree = "<group>"; };
/* End PBXFileReference section */

/* Begin PBXFrameworksBuildPhase section */
		275010801B52DBC300C0CC71 /* Frameworks */ = {
			isa = PBXFrameworksBuildPhase;
			buildActionMask = 2147483647;
			files = (
			);
			runOnlyForDeploymentPostprocessing = 0;
		};
		2750109C1B52DBC300C0CC71 /* Frameworks */ = {
			isa = PBXFrameworksBuildPhase;
			buildActionMask = 2147483647;
			files = (
			);
			runOnlyForDeploymentPostprocessing = 0;
		};
/* End PBXFrameworksBuildPhase section */

/* Begin PBXGroup section */
		2750107A1B52DBC300C0CC71 = {
			isa = PBXGroup;
			children = (
				275010851B52DBC300C0CC71 /* ValleyForge */,
				275010A21B52DBC300C0CC71 /* ValleyForgeTests */,
				275010841B52DBC300C0CC71 /* Products */,
			);
			sourceTree = "<group>";
		};
		275010841B52DBC300C0CC71 /* Products */ = {
			isa = PBXGroup;
			children = (
				275010831B52DBC300C0CC71 /* ValleyForge.app */,
				2750109F1B52DBC300C0CC71 /* ValleyForgeTests.xctest */,
			);
			name = Products;
			sourceTree = "<group>";
		};
		275010851B52DBC300C0CC71 /* ValleyForge */ = {
			isa = PBXGroup;
			children = (
				2750108A1B52DBC300C0CC71 /* AppDelegate.h */,
				2750108B1B52DBC300C0CC71 /* AppDelegate.m */,
				2773C4B91B5C1D940021762C /* AnswerViewController.h */,
				2773C4BA1B5C1D940021762C /* AnswerViewController.m */,
				2773C4BC1B5C1DD90021762C /* AnswerView.h */,
				2773C4BD1B5C1DD90021762C /* AnswerView.m */,
				DDB1DCFB1B823BD900CEC3C6 /* Exam.h */,
				DDB1DCFC1B823BD900CEC3C6 /* Exam.m */,
				271962031B6E8F0F0064C30B /* ExamItem.h */,
				271962041B6E8F0F0064C30B /* ExamItem.m */,
				279EB4F41B812F7900858A62 /* ExamListTableView.h */,
				279EB4F51B812F7900858A62 /* ExamListTableView.m */,
				279EB4F71B812FC300858A62 /* ExamListTableViewCell.h */,
				279EB4F81B812FC300858A62 /* ExamListTableViewCell.m */,
				279EB4EE1B80DE4700858A62 /* ExamListTableViewController.h */,
				279EB4EF1B80DE4700858A62 /* ExamListTableViewController.m */,
				27D78E7E1BAF3D29005410CC /* ExamResultsTableViewController.h */,
				27D78E7F1BAF3D29005410CC /* ExamResultsTableViewController.m */,
				27D78E811BAF3D56005410CC /* ExamResultsTableView.h */,
				27D78E821BAF3D56005410CC /* ExamResultsTableView.m */,
				27F71E141BAF5FBF00096E2B /* ExamResultsTableViewCell.h */,
				27F71E151BAF5FBF00096E2B /* ExamResultsTableViewCell.m */,
				275CAF131BAD08020076B5A7 /* ExamRunItem.h */,
				275CAF141BAD08020076B5A7 /* ExamRunItem.m */,
				275CAF101BAD026D0076B5A7 /* ExamRunsModel.h */,
				275CAF111BAD026D0076B5A7 /* ExamRunsModel.m */,
				279EB4E51B800FF900858A62 /* ExamStoreViewController.h */,
				279EB4E61B800FF900858A62 /* ExamStoreViewController.m */,
				279DAD7E1B9FE7D800A0C4B4 /* NSString+Extensions.h */,
				279DAD7F1B9FE7D800A0C4B4 /* NSString+Extensions.m */,
				DD0446011B63D77200A82969 /* QuestionListModel.h */,
				DD0446021B63D77200A82969 /* QuestionListModel.m */,
				275010B11B53018300C0CC71 /* QuestionListTableViewController.h */,
				275010B21B53018300C0CC71 /* QuestionListTableViewController.m */,
				275010B61B53421C00C0CC71 /* QuestionListTableView.h */,
				275010B71B53421C00C0CC71 /* QuestionListTableView.m */,
				DD2968B31B5AF70C007E152E /* QuestionListTableViewCell.h */,
				DD2968B41B5AF70C007E152E /* QuestionListTableViewCell.m */,
				27F5D9301B800B11003BEDFD /* Media.xcassets */,
				DDAE5A731B826A6C0087DB13 /* LaunchScreen.xib */,
				2750108D1B52DBC300C0CC71 /* ValleyForge.xcdatamodeld */,
				275010861B52DBC300C0CC71 /* Supporting Files */,
			);
			path = ValleyForge;
			sourceTree = "<group>";
		};
		275010861B52DBC300C0CC71 /* Supporting Files */ = {
			isa = PBXGroup;
			children = (
				27D78E841BB39292005410CC /* CitizenshipExamOR.xml */,
				27D78E851BB39292005410CC /* CitizenshipExamWI.xml */,
				2773C4B51B59E0E40021762C /* Default-568h@2x.png */,
				275010871B52DBC300C0CC71 /* Info.plist */,
				275010881B52DBC300C0CC71 /* main.m */,
			);
			name = "Supporting Files";
			sourceTree = "<group>";
		};
		275010A21B52DBC300C0CC71 /* ValleyForgeTests */ = {
			isa = PBXGroup;
			children = (
				275010A51B52DBC300C0CC71 /* ValleyForgeTests.m */,
				275010A31B52DBC300C0CC71 /* Supporting Files */,
			);
			path = ValleyForgeTests;
			sourceTree = "<group>";
		};
		275010A31B52DBC300C0CC71 /* Supporting Files */ = {
			isa = PBXGroup;
			children = (
				275010A41B52DBC300C0CC71 /* Info.plist */,
			);
			name = "Supporting Files";
			sourceTree = "<group>";
		};
/* End PBXGroup section */

/* Begin PBXNativeTarget section */
		275010821B52DBC300C0CC71 /* ValleyForge */ = {
			isa = PBXNativeTarget;
			buildConfigurationList = 275010A91B52DBC300C0CC71 /* Build configuration list for PBXNativeTarget "ValleyForge" */;
			buildPhases = (
				2750107F1B52DBC300C0CC71 /* Sources */,
				275010801B52DBC300C0CC71 /* Frameworks */,
				275010811B52DBC300C0CC71 /* Resources */,
			);
			buildRules = (
			);
			dependencies = (
			);
			name = ValleyForge;
			productName = ValleyForge;
			productReference = 275010831B52DBC300C0CC71 /* ValleyForge.app */;
			productType = "com.apple.product-type.application";
		};
		2750109E1B52DBC300C0CC71 /* ValleyForgeTests */ = {
			isa = PBXNativeTarget;
			buildConfigurationList = 275010AC1B52DBC300C0CC71 /* Build configuration list for PBXNativeTarget "ValleyForgeTests" */;
			buildPhases = (
				2750109B1B52DBC300C0CC71 /* Sources */,
				2750109C1B52DBC300C0CC71 /* Frameworks */,
				2750109D1B52DBC300C0CC71 /* Resources */,
			);
			buildRules = (
			);
			dependencies = (
				275010A11B52DBC300C0CC71 /* PBXTargetDependency */,
			);
			name = ValleyForgeTests;
			productName = ValleyForgeTests;
			productReference = 2750109F1B52DBC300C0CC71 /* ValleyForgeTests.xctest */;
			productType = "com.apple.product-type.bundle.unit-test";
		};
/* End PBXNativeTarget section */

/* Begin PBXProject section */
		2750107B1B52DBC300C0CC71 /* Project object */ = {
			isa = PBXProject;
			attributes = {
				LastUpgradeCheck = 0700;
				ORGANIZATIONNAME = "X-Tic Systems";
				TargetAttributes = {
					275010821B52DBC300C0CC71 = {
						CreatedOnToolsVersion = 6.4;
						DevelopmentTeam = FWB3RJ936S;
					};
					2750109E1B52DBC300C0CC71 = {
						CreatedOnToolsVersion = 6.4;
						TestTargetID = 275010821B52DBC300C0CC71;
					};
				};
			};
			buildConfigurationList = 2750107E1B52DBC300C0CC71 /* Build configuration list for PBXProject "ValleyForge" */;
			compatibilityVersion = "Xcode 3.2";
			developmentRegion = English;
			hasScannedForEncodings = 0;
			knownRegions = (
				en,
				Base,
			);
			mainGroup = 2750107A1B52DBC300C0CC71;
			productRefGroup = 275010841B52DBC300C0CC71 /* Products */;
			projectDirPath = "";
			projectRoot = "";
			targets = (
				275010821B52DBC300C0CC71 /* ValleyForge */,
				2750109E1B52DBC300C0CC71 /* ValleyForgeTests */,
			);
		};
/* End PBXProject section */

/* Begin PBXResourcesBuildPhase section */
		275010811B52DBC300C0CC71 /* Resources */ = {
			isa = PBXResourcesBuildPhase;
			buildActionMask = 2147483647;
			files = (
				27D78E871BB39292005410CC /* CitizenshipExamWI.xml in Resources */,
				27D78E861BB39292005410CC /* CitizenshipExamOR.xml in Resources */,
				27F5D9311B800B11003BEDFD /* Media.xcassets in Resources */,
				DDAE5A741B826A6C0087DB13 /* LaunchScreen.xib in Resources */,
				2773C4B61B59E0E40021762C /* Default-568h@2x.png in Resources */,
			);
			runOnlyForDeploymentPostprocessing = 0;
		};
		2750109D1B52DBC300C0CC71 /* Resources */ = {
			isa = PBXResourcesBuildPhase;
			buildActionMask = 2147483647;
			files = (
			);
			runOnlyForDeploymentPostprocessing = 0;
		};
/* End PBXResourcesBuildPhase section */

/* Begin PBXSourcesBuildPhase section */
		2750107F1B52DBC300C0CC71 /* Sources */ = {
			isa = PBXSourcesBuildPhase;
			buildActionMask = 2147483647;
			files = (
				275010B81B53421C00C0CC71 /* QuestionListTableView.m in Sources */,
				275CAF121BAD026D0076B5A7 /* ExamRunsModel.m in Sources */,
				279EB4E71B800FF900858A62 /* ExamStoreViewController.m in Sources */,
				279EB4F01B80DE4700858A62 /* ExamListTableViewController.m in Sources */,
				271962051B6E8F0F0064C30B /* ExamItem.m in Sources */,
				279DAD801B9FE7D800A0C4B4 /* NSString+Extensions.m in Sources */,
				2750108C1B52DBC300C0CC71 /* AppDelegate.m in Sources */,
				2773C4BE1B5C1DD90021762C /* AnswerView.m in Sources */,
				DD0446031B63D77200A82969 /* QuestionListModel.m in Sources */,
				27D78E801BAF3D29005410CC /* ExamResultsTableViewController.m in Sources */,
				2773C4BB1B5C1D940021762C /* AnswerViewController.m in Sources */,
				275010891B52DBC300C0CC71 /* main.m in Sources */,
				27D78E831BAF3D56005410CC /* ExamResultsTableView.m in Sources */,
				279EB4F61B812F7900858A62 /* ExamListTableView.m in Sources */,
				2750108F1B52DBC300C0CC71 /* ValleyForge.xcdatamodeld in Sources */,
				27F71E161BAF5FC000096E2B /* ExamResultsTableViewCell.m in Sources */,
				DDB1DCFD1B823BD900CEC3C6 /* Exam.m in Sources */,
				275CAF151BAD08020076B5A7 /* ExamRunItem.m in Sources */,
				279EB4FA1B812FC300858A62 /* ExamListTableViewCell.m in Sources */,
				275010B31B53018300C0CC71 /* QuestionListTableViewController.m in Sources */,
				DD2968B51B5AF70C007E152E /* QuestionListTableViewCell.m in Sources */,
			);
			runOnlyForDeploymentPostprocessing = 0;
		};
		2750109B1B52DBC300C0CC71 /* Sources */ = {
			isa = PBXSourcesBuildPhase;
			buildActionMask = 2147483647;
			files = (
				275010A61B52DBC300C0CC71 /* ValleyForgeTests.m in Sources */,
			);
			runOnlyForDeploymentPostprocessing = 0;
		};
/* End PBXSourcesBuildPhase section */

/* Begin PBXTargetDependency section */
		275010A11B52DBC300C0CC71 /* PBXTargetDependency */ = {
			isa = PBXTargetDependency;
			target = 275010821B52DBC300C0CC71 /* ValleyForge */;
			targetProxy = 275010A01B52DBC300C0CC71 /* PBXContainerItemProxy */;
		};
/* End PBXTargetDependency section */

/* Begin XCBuildConfiguration section */
		275010A71B52DBC300C0CC71 /* Debug */ = {
			isa = XCBuildConfiguration;
			buildSettings = {
				ALWAYS_SEARCH_USER_PATHS = NO;
				CLANG_CXX_LANGUAGE_STANDARD = "gnu++0x";
				CLANG_CXX_LIBRARY = "libc++";
				CLANG_ENABLE_MODULES = YES;
				CLANG_ENABLE_OBJC_ARC = YES;
				CLANG_WARN_BOOL_CONVERSION = YES;
				CLANG_WARN_CONSTANT_CONVERSION = YES;
				CLANG_WARN_DIRECT_OBJC_ISA_USAGE = YES_ERROR;
				CLANG_WARN_EMPTY_BODY = YES;
				CLANG_WARN_ENUM_CONVERSION = YES;
				CLANG_WARN_INT_CONVERSION = YES;
				CLANG_WARN_OBJC_ROOT_CLASS = YES_ERROR;
				CLANG_WARN_UNREACHABLE_CODE = YES;
				CLANG_WARN__DUPLICATE_METHOD_MATCH = YES;
				"CODE_SIGN_IDENTITY[sdk=iphoneos*]" = "iPhone Developer";
				COPY_PHASE_STRIP = NO;
				DEBUG_INFORMATION_FORMAT = "dwarf-with-dsym";
				ENABLE_STRICT_OBJC_MSGSEND = YES;
				ENABLE_TESTABILITY = YES;
				GCC_C_LANGUAGE_STANDARD = gnu99;
				GCC_DYNAMIC_NO_PIC = NO;
				GCC_NO_COMMON_BLOCKS = YES;
				GCC_OPTIMIZATION_LEVEL = 0;
				GCC_PREPROCESSOR_DEFINITIONS = (
					"DEBUG=1",
					"$(inherited)",
				);
				GCC_SYMBOLS_PRIVATE_EXTERN = NO;
				GCC_WARN_64_TO_32_BIT_CONVERSION = YES;
				GCC_WARN_ABOUT_RETURN_TYPE = YES_ERROR;
				GCC_WARN_UNDECLARED_SELECTOR = YES;
				GCC_WARN_UNINITIALIZED_AUTOS = YES_AGGRESSIVE;
				GCC_WARN_UNUSED_FUNCTION = YES;
				GCC_WARN_UNUSED_VARIABLE = YES;
				IPHONEOS_DEPLOYMENT_TARGET = 8.4;
				MTL_ENABLE_DEBUG_INFO = YES;
				ONLY_ACTIVE_ARCH = YES;
				SDKROOT = iphoneos;
				TARGETED_DEVICE_FAMILY = "1,2";
			};
			name = Debug;
		};
		275010A81B52DBC300C0CC71 /* Release */ = {
			isa = XCBuildConfiguration;
			buildSettings = {
				ALWAYS_SEARCH_USER_PATHS = NO;
				CLANG_CXX_LANGUAGE_STANDARD = "gnu++0x";
				CLANG_CXX_LIBRARY = "libc++";
				CLANG_ENABLE_MODULES = YES;
				CLANG_ENABLE_OBJC_ARC = YES;
				CLANG_WARN_BOOL_CONVERSION = YES;
				CLANG_WARN_CONSTANT_CONVERSION = YES;
				CLANG_WARN_DIRECT_OBJC_ISA_USAGE = YES_ERROR;
				CLANG_WARN_EMPTY_BODY = YES;
				CLANG_WARN_ENUM_CONVERSION = YES;
				CLANG_WARN_INT_CONVERSION = YES;
				CLANG_WARN_OBJC_ROOT_CLASS = YES_ERROR;
				CLANG_WARN_UNREACHABLE_CODE = YES;
				CLANG_WARN__DUPLICATE_METHOD_MATCH = YES;
				"CODE_SIGN_IDENTITY[sdk=iphoneos*]" = "iPhone Developer";
				COPY_PHASE_STRIP = NO;
				DEBUG_INFORMATION_FORMAT = "dwarf-with-dsym";
				ENABLE_NS_ASSERTIONS = NO;
				ENABLE_STRICT_OBJC_MSGSEND = YES;
				GCC_C_LANGUAGE_STANDARD = gnu99;
				GCC_NO_COMMON_BLOCKS = YES;
				GCC_WARN_64_TO_32_BIT_CONVERSION = YES;
				GCC_WARN_ABOUT_RETURN_TYPE = YES_ERROR;
				GCC_WARN_UNDECLARED_SELECTOR = YES;
				GCC_WARN_UNINITIALIZED_AUTOS = YES_AGGRESSIVE;
				GCC_WARN_UNUSED_FUNCTION = YES;
				GCC_WARN_UNUSED_VARIABLE = YES;
				IPHONEOS_DEPLOYMENT_TARGET = 8.4;
				MTL_ENABLE_DEBUG_INFO = NO;
				SDKROOT = iphoneos;
				TARGETED_DEVICE_FAMILY = "1,2";
				VALIDATE_PRODUCT = YES;
			};
			name = Release;
		};
		275010AA1B52DBC300C0CC71 /* Debug */ = {
			isa = XCBuildConfiguration;
			buildSettings = {
				ASSETCATALOG_COMPILER_APPICON_NAME = AppIcon;
				CODE_SIGN_IDENTITY = "iPhone Developer";
				"CODE_SIGN_IDENTITY[sdk=iphoneos*]" = "iPhone Developer";
				INFOPLIST_FILE = ValleyForge/Info.plist;
				LD_RUNPATH_SEARCH_PATHS = "$(inherited) @executable_path/Frameworks";
				PRODUCT_BUNDLE_IDENTIFIER = "X-Tic.$(PRODUCT_NAME:rfc1034identifier)";
				PRODUCT_NAME = "$(TARGET_NAME)";
				PROVISIONING_PROFILE = "";
			};
			name = Debug;
		};
		275010AB1B52DBC300C0CC71 /* Release */ = {
			isa = XCBuildConfiguration;
			buildSettings = {
				ASSETCATALOG_COMPILER_APPICON_NAME = AppIcon;
				CODE_SIGN_IDENTITY = "iPhone Developer";
				"CODE_SIGN_IDENTITY[sdk=iphoneos*]" = "iPhone Developer";
				INFOPLIST_FILE = ValleyForge/Info.plist;
				LD_RUNPATH_SEARCH_PATHS = "$(inherited) @executable_path/Frameworks";
				PRODUCT_BUNDLE_IDENTIFIER = "X-Tic.$(PRODUCT_NAME:rfc1034identifier)";
				PRODUCT_NAME = "$(TARGET_NAME)";
				PROVISIONING_PROFILE = "";
			};
			name = Release;
		};
		275010AD1B52DBC300C0CC71 /* Debug */ = {
			isa = XCBuildConfiguration;
			buildSettings = {
				BUNDLE_LOADER = "$(TEST_HOST)";
				FRAMEWORK_SEARCH_PATHS = (
					"$(SDKROOT)/Developer/Library/Frameworks",
					"$(inherited)",
				);
				GCC_PREPROCESSOR_DEFINITIONS = (
					"DEBUG=1",
					"$(inherited)",
				);
				INFOPLIST_FILE = ValleyForgeTests/Info.plist;
				LD_RUNPATH_SEARCH_PATHS = "$(inherited) @executable_path/Frameworks @loader_path/Frameworks";
				PRODUCT_BUNDLE_IDENTIFIER = "X-Tic.$(PRODUCT_NAME:rfc1034identifier)";
				PRODUCT_NAME = "$(TARGET_NAME)";
				TEST_HOST = "$(BUILT_PRODUCTS_DIR)/ValleyForge.app/ValleyForge";
			};
			name = Debug;
		};
		275010AE1B52DBC300C0CC71 /* Release */ = {
			isa = XCBuildConfiguration;
			buildSettings = {
				BUNDLE_LOADER = "$(TEST_HOST)";
				FRAMEWORK_SEARCH_PATHS = (
					"$(SDKROOT)/Developer/Library/Frameworks",
					"$(inherited)",
				);
				INFOPLIST_FILE = ValleyForgeTests/Info.plist;
				LD_RUNPATH_SEARCH_PATHS = "$(inherited) @executable_path/Frameworks @loader_path/Frameworks";
				PRODUCT_BUNDLE_IDENTIFIER = "X-Tic.$(PRODUCT_NAME:rfc1034identifier)";
				PRODUCT_NAME = "$(TARGET_NAME)";
				TEST_HOST = "$(BUILT_PRODUCTS_DIR)/ValleyForge.app/ValleyForge";
			};
			name = Release;
		};
/* End XCBuildConfiguration section */

/* Begin XCConfigurationList section */
		2750107E1B52DBC300C0CC71 /* Build configuration list for PBXProject "ValleyForge" */ = {
			isa = XCConfigurationList;
			buildConfigurations = (
				275010A71B52DBC300C0CC71 /* Debug */,
				275010A81B52DBC300C0CC71 /* Release */,
			);
			defaultConfigurationIsVisible = 0;
			defaultConfigurationName = Release;
		};
		275010A91B52DBC300C0CC71 /* Build configuration list for PBXNativeTarget "ValleyForge" */ = {
			isa = XCConfigurationList;
			buildConfigurations = (
				275010AA1B52DBC300C0CC71 /* Debug */,
				275010AB1B52DBC300C0CC71 /* Release */,
			);
			defaultConfigurationIsVisible = 0;
			defaultConfigurationName = Release;
		};
		275010AC1B52DBC300C0CC71 /* Build configuration list for PBXNativeTarget "ValleyForgeTests" */ = {
			isa = XCConfigurationList;
			buildConfigurations = (
				275010AD1B52DBC300C0CC71 /* Debug */,
				275010AE1B52DBC300C0CC71 /* Release */,
			);
			defaultConfigurationIsVisible = 0;
			defaultConfigurationName = Release;
		};
/* End XCConfigurationList section */

/* Begin XCVersionGroup section */
		2750108D1B52DBC300C0CC71 /* ValleyForge.xcdatamodeld */ = {
			isa = XCVersionGroup;
			children = (
				2750108E1B52DBC300C0CC71 /* ValleyForge.xcdatamodel */,
			);
			currentVersion = 2750108E1B52DBC300C0CC71 /* ValleyForge.xcdatamodel */;
			path = ValleyForge.xcdatamodeld;
			sourceTree = "<group>";
			versionGroupType = wrapper.xcdatamodel;
		};
/* End XCVersionGroup section */
	};
	rootObject = 2750107B1B52DBC300C0CC71 /* Project object */;
}
